// !$*UTF8*$!
{
	archiveVersion = 1;
	classes = {
	};
	objectVersion = 50;
	objects = {

/* Begin PBXBuildFile section */
		43D4CE2822901F8E00AE5F25 /* AppDelegate.swift in Sources */ = {isa = PBXBuildFile; fileRef = 43D4CE2722901F8E00AE5F25 /* AppDelegate.swift */; };
		43D4CE2A22901F8E00AE5F25 /* SearchViewController.swift in Sources */ = {isa = PBXBuildFile; fileRef = 43D4CE2922901F8E00AE5F25 /* SearchViewController.swift */; };
		43D4CE2D22901F8E00AE5F25 /* Main.storyboard in Resources */ = {isa = PBXBuildFile; fileRef = 43D4CE2B22901F8E00AE5F25 /* Main.storyboard */; };
		43D4CE2F22901F9000AE5F25 /* Assets.xcassets in Resources */ = {isa = PBXBuildFile; fileRef = 43D4CE2E22901F9000AE5F25 /* Assets.xcassets */; };
		43D4CE3222901F9000AE5F25 /* LaunchScreen.storyboard in Resources */ = {isa = PBXBuildFile; fileRef = 43D4CE3022901F9000AE5F25 /* LaunchScreen.storyboard */; };
		43D4CE3D22901F9000AE5F25 /* InterviewProjectTests.swift in Sources */ = {isa = PBXBuildFile; fileRef = 43D4CE3C22901F9000AE5F25 /* InterviewProjectTests.swift */; };
		43D4CE4822901F9000AE5F25 /* InterviewProjectUITests.swift in Sources */ = {isa = PBXBuildFile; fileRef = 43D4CE4722901F9000AE5F25 /* InterviewProjectUITests.swift */; };
		43D4CE572290253600AE5F25 /* ApiClient.swift in Sources */ = {isa = PBXBuildFile; fileRef = 43D4CE562290253600AE5F25 /* ApiClient.swift */; };
		43D4CE5A22902F1400AE5F25 /* PlacesDataRepository.swift in Sources */ = {isa = PBXBuildFile; fileRef = 43D4CE5922902F1400AE5F25 /* PlacesDataRepository.swift */; };
		43D4CE5E22902FC500AE5F25 /* PlaceEntity.swift in Sources */ = {isa = PBXBuildFile; fileRef = 43D4CE5D22902FC500AE5F25 /* PlaceEntity.swift */; };
		43D4CE6022902FF100AE5F25 /* Place.swift in Sources */ = {isa = PBXBuildFile; fileRef = 43D4CE5F22902FF000AE5F25 /* Place.swift */; };
		43D4CE642290418B00AE5F25 /* AreaEntity.swift in Sources */ = {isa = PBXBuildFile; fileRef = 43D4CE632290418B00AE5F25 /* AreaEntity.swift */; };
		43D4CE662290686C00AE5F25 /* CoordinatesEntity.swift in Sources */ = {isa = PBXBuildFile; fileRef = 43D4CE652290686C00AE5F25 /* CoordinatesEntity.swift */; };
		43D4CE682290688300AE5F25 /* LifeSpanEntity.swift in Sources */ = {isa = PBXBuildFile; fileRef = 43D4CE672290688300AE5F25 /* LifeSpanEntity.swift */; };
		43D4CE6A229068A700AE5F25 /* PlaceType.swift in Sources */ = {isa = PBXBuildFile; fileRef = 43D4CE69229068A700AE5F25 /* PlaceType.swift */; };
		43D4CE6C2290A69A00AE5F25 /* PlacesResultEntity.swift in Sources */ = {isa = PBXBuildFile; fileRef = 43D4CE6B2290A69A00AE5F25 /* PlacesResultEntity.swift */; };
		43D4CE6E2290A76E00AE5F25 /* AreaType.swift in Sources */ = {isa = PBXBuildFile; fileRef = 43D4CE6D2290A76E00AE5F25 /* AreaType.swift */; };
		43D4CE702290A77800AE5F25 /* Area.swift in Sources */ = {isa = PBXBuildFile; fileRef = 43D4CE6F2290A77800AE5F25 /* Area.swift */; };
		43D4CE722290AA5300AE5F25 /* RepositoryAssembly.swift in Sources */ = {isa = PBXBuildFile; fileRef = 43D4CE712290AA5300AE5F25 /* RepositoryAssembly.swift */; };
		43D4CE762290BDF800AE5F25 /* ViewModelAssembly.swift in Sources */ = {isa = PBXBuildFile; fileRef = 43D4CE752290BDF800AE5F25 /* ViewModelAssembly.swift */; };
		43D4CE782290C00600AE5F25 /* SearchViewModel.swift in Sources */ = {isa = PBXBuildFile; fileRef = 43D4CE772290C00600AE5F25 /* SearchViewModel.swift */; };
		43D4CE7C2290CBC200AE5F25 /* BaseAssembly.swift in Sources */ = {isa = PBXBuildFile; fileRef = 43D4CE7B2290CBC200AE5F25 /* BaseAssembly.swift */; };
		43D4CE7E2290CEC300AE5F25 /* LifeSpan.swift in Sources */ = {isa = PBXBuildFile; fileRef = 43D4CE7D2290CEC300AE5F25 /* LifeSpan.swift */; };
		43D4CE802290CF2D00AE5F25 /* Coordinates.swift in Sources */ = {isa = PBXBuildFile; fileRef = 43D4CE7F2290CF2D00AE5F25 /* Coordinates.swift */; };
		43D4CE8322915FB200AE5F25 /* DispatchHelper.swift in Sources */ = {isa = PBXBuildFile; fileRef = 43D4CE8222915FB200AE5F25 /* DispatchHelper.swift */; };
		43D4CE85229181D800AE5F25 /* ResultEntity.swift in Sources */ = {isa = PBXBuildFile; fileRef = 43D4CE84229181D800AE5F25 /* ResultEntity.swift */; };
		43D4CE89229296FA00AE5F25 /* Result.swift in Sources */ = {isa = PBXBuildFile; fileRef = 43D4CE88229296FA00AE5F25 /* Result.swift */; };
		43D4CE8B22929D6C00AE5F25 /* ApiError.swift in Sources */ = {isa = PBXBuildFile; fileRef = 43D4CE8A22929D6C00AE5F25 /* ApiError.swift */; };
		43D4CE8D2292A41F00AE5F25 /* AppError.swift in Sources */ = {isa = PBXBuildFile; fileRef = 43D4CE8C2292A41F00AE5F25 /* AppError.swift */; };
/* End PBXBuildFile section */

/* Begin PBXContainerItemProxy section */
		43D4CE3922901F9000AE5F25 /* PBXContainerItemProxy */ = {
			isa = PBXContainerItemProxy;
			containerPortal = 43D4CE1C22901F8E00AE5F25 /* Project object */;
			proxyType = 1;
			remoteGlobalIDString = 43D4CE2322901F8E00AE5F25;
			remoteInfo = InterviewProject;
		};
		43D4CE4422901F9000AE5F25 /* PBXContainerItemProxy */ = {
			isa = PBXContainerItemProxy;
			containerPortal = 43D4CE1C22901F8E00AE5F25 /* Project object */;
			proxyType = 1;
			remoteGlobalIDString = 43D4CE2322901F8E00AE5F25;
			remoteInfo = InterviewProject;
		};
/* End PBXContainerItemProxy section */

/* Begin PBXFileReference section */
		43D4CE2422901F8E00AE5F25 /* InterviewProject.app */ = {isa = PBXFileReference; explicitFileType = wrapper.application; includeInIndex = 0; path = InterviewProject.app; sourceTree = BUILT_PRODUCTS_DIR; };
		43D4CE2722901F8E00AE5F25 /* AppDelegate.swift */ = {isa = PBXFileReference; lastKnownFileType = sourcecode.swift; path = AppDelegate.swift; sourceTree = "<group>"; };
		43D4CE2922901F8E00AE5F25 /* SearchViewController.swift */ = {isa = PBXFileReference; lastKnownFileType = sourcecode.swift; path = SearchViewController.swift; sourceTree = "<group>"; };
		43D4CE2C22901F8E00AE5F25 /* Base */ = {isa = PBXFileReference; lastKnownFileType = file.storyboard; name = Base; path = Base.lproj/Main.storyboard; sourceTree = "<group>"; };
		43D4CE2E22901F9000AE5F25 /* Assets.xcassets */ = {isa = PBXFileReference; lastKnownFileType = folder.assetcatalog; path = Assets.xcassets; sourceTree = "<group>"; };
		43D4CE3122901F9000AE5F25 /* Base */ = {isa = PBXFileReference; lastKnownFileType = file.storyboard; name = Base; path = Base.lproj/LaunchScreen.storyboard; sourceTree = "<group>"; };
		43D4CE3322901F9000AE5F25 /* Info.plist */ = {isa = PBXFileReference; lastKnownFileType = text.plist.xml; path = Info.plist; sourceTree = "<group>"; };
		43D4CE3822901F9000AE5F25 /* InterviewProjectTests.xctest */ = {isa = PBXFileReference; explicitFileType = wrapper.cfbundle; includeInIndex = 0; path = InterviewProjectTests.xctest; sourceTree = BUILT_PRODUCTS_DIR; };
		43D4CE3C22901F9000AE5F25 /* InterviewProjectTests.swift */ = {isa = PBXFileReference; lastKnownFileType = sourcecode.swift; path = InterviewProjectTests.swift; sourceTree = "<group>"; };
		43D4CE3E22901F9000AE5F25 /* Info.plist */ = {isa = PBXFileReference; lastKnownFileType = text.plist.xml; path = Info.plist; sourceTree = "<group>"; };
		43D4CE4322901F9000AE5F25 /* InterviewProjectUITests.xctest */ = {isa = PBXFileReference; explicitFileType = wrapper.cfbundle; includeInIndex = 0; path = InterviewProjectUITests.xctest; sourceTree = BUILT_PRODUCTS_DIR; };
		43D4CE4722901F9000AE5F25 /* InterviewProjectUITests.swift */ = {isa = PBXFileReference; lastKnownFileType = sourcecode.swift; path = InterviewProjectUITests.swift; sourceTree = "<group>"; };
		43D4CE4922901F9000AE5F25 /* Info.plist */ = {isa = PBXFileReference; lastKnownFileType = text.plist.xml; path = Info.plist; sourceTree = "<group>"; };
		43D4CE562290253600AE5F25 /* ApiClient.swift */ = {isa = PBXFileReference; lastKnownFileType = sourcecode.swift; path = ApiClient.swift; sourceTree = "<group>"; };
		43D4CE5922902F1400AE5F25 /* PlacesDataRepository.swift */ = {isa = PBXFileReference; lastKnownFileType = sourcecode.swift; path = PlacesDataRepository.swift; sourceTree = "<group>"; };
		43D4CE5D22902FC500AE5F25 /* PlaceEntity.swift */ = {isa = PBXFileReference; lastKnownFileType = sourcecode.swift; path = PlaceEntity.swift; sourceTree = "<group>"; };
		43D4CE5F22902FF000AE5F25 /* Place.swift */ = {isa = PBXFileReference; lastKnownFileType = sourcecode.swift; path = Place.swift; sourceTree = "<group>"; };
		43D4CE632290418B00AE5F25 /* AreaEntity.swift */ = {isa = PBXFileReference; lastKnownFileType = sourcecode.swift; path = AreaEntity.swift; sourceTree = "<group>"; };
		43D4CE652290686C00AE5F25 /* CoordinatesEntity.swift */ = {isa = PBXFileReference; lastKnownFileType = sourcecode.swift; path = CoordinatesEntity.swift; sourceTree = "<group>"; };
		43D4CE672290688300AE5F25 /* LifeSpanEntity.swift */ = {isa = PBXFileReference; lastKnownFileType = sourcecode.swift; path = LifeSpanEntity.swift; sourceTree = "<group>"; };
		43D4CE69229068A700AE5F25 /* PlaceType.swift */ = {isa = PBXFileReference; lastKnownFileType = sourcecode.swift; path = PlaceType.swift; sourceTree = "<group>"; };
		43D4CE6B2290A69A00AE5F25 /* PlacesResultEntity.swift */ = {isa = PBXFileReference; lastKnownFileType = sourcecode.swift; path = PlacesResultEntity.swift; sourceTree = "<group>"; };
		43D4CE6D2290A76E00AE5F25 /* AreaType.swift */ = {isa = PBXFileReference; lastKnownFileType = sourcecode.swift; path = AreaType.swift; sourceTree = "<group>"; };
		43D4CE6F2290A77800AE5F25 /* Area.swift */ = {isa = PBXFileReference; lastKnownFileType = sourcecode.swift; path = Area.swift; sourceTree = "<group>"; };
		43D4CE712290AA5300AE5F25 /* RepositoryAssembly.swift */ = {isa = PBXFileReference; lastKnownFileType = sourcecode.swift; path = RepositoryAssembly.swift; sourceTree = "<group>"; };
		43D4CE752290BDF800AE5F25 /* ViewModelAssembly.swift */ = {isa = PBXFileReference; lastKnownFileType = sourcecode.swift; path = ViewModelAssembly.swift; sourceTree = "<group>"; };
		43D4CE772290C00600AE5F25 /* SearchViewModel.swift */ = {isa = PBXFileReference; lastKnownFileType = sourcecode.swift; path = SearchViewModel.swift; sourceTree = "<group>"; };
		43D4CE7B2290CBC200AE5F25 /* BaseAssembly.swift */ = {isa = PBXFileReference; lastKnownFileType = sourcecode.swift; path = BaseAssembly.swift; sourceTree = "<group>"; };
		43D4CE7D2290CEC300AE5F25 /* LifeSpan.swift */ = {isa = PBXFileReference; lastKnownFileType = sourcecode.swift; path = LifeSpan.swift; sourceTree = "<group>"; };
		43D4CE7F2290CF2D00AE5F25 /* Coordinates.swift */ = {isa = PBXFileReference; lastKnownFileType = sourcecode.swift; path = Coordinates.swift; sourceTree = "<group>"; };
		43D4CE8222915FB200AE5F25 /* DispatchHelper.swift */ = {isa = PBXFileReference; lastKnownFileType = sourcecode.swift; path = DispatchHelper.swift; sourceTree = "<group>"; };
		43D4CE84229181D800AE5F25 /* ResultEntity.swift */ = {isa = PBXFileReference; lastKnownFileType = sourcecode.swift; path = ResultEntity.swift; sourceTree = "<group>"; };
		43D4CE88229296FA00AE5F25 /* Result.swift */ = {isa = PBXFileReference; fileEncoding = 4; lastKnownFileType = sourcecode.swift; path = Result.swift; sourceTree = "<group>"; };
		43D4CE8A22929D6C00AE5F25 /* ApiError.swift */ = {isa = PBXFileReference; lastKnownFileType = sourcecode.swift; path = ApiError.swift; sourceTree = "<group>"; };
		43D4CE8C2292A41F00AE5F25 /* AppError.swift */ = {isa = PBXFileReference; lastKnownFileType = sourcecode.swift; path = AppError.swift; sourceTree = "<group>"; };
/* End PBXFileReference section */

/* Begin PBXFrameworksBuildPhase section */
		43D4CE2122901F8E00AE5F25 /* Frameworks */ = {
			isa = PBXFrameworksBuildPhase;
			buildActionMask = 2147483647;
			files = (
			);
			runOnlyForDeploymentPostprocessing = 0;
		};
		43D4CE3522901F9000AE5F25 /* Frameworks */ = {
			isa = PBXFrameworksBuildPhase;
			buildActionMask = 2147483647;
			files = (
			);
			runOnlyForDeploymentPostprocessing = 0;
		};
		43D4CE4022901F9000AE5F25 /* Frameworks */ = {
			isa = PBXFrameworksBuildPhase;
			buildActionMask = 2147483647;
			files = (
			);
			runOnlyForDeploymentPostprocessing = 0;
		};
/* End PBXFrameworksBuildPhase section */

/* Begin PBXGroup section */
		43D4CE1B22901F8E00AE5F25 = {
			isa = PBXGroup;
			children = (
				43D4CE2622901F8E00AE5F25 /* InterviewProject */,
				43D4CE3B22901F9000AE5F25 /* InterviewProjectTests */,
				43D4CE4622901F9000AE5F25 /* InterviewProjectUITests */,
				43D4CE2522901F8E00AE5F25 /* Products */,
			);
			sourceTree = "<group>";
		};
		43D4CE2522901F8E00AE5F25 /* Products */ = {
			isa = PBXGroup;
			children = (
				43D4CE2422901F8E00AE5F25 /* InterviewProject.app */,
				43D4CE3822901F9000AE5F25 /* InterviewProjectTests.xctest */,
				43D4CE4322901F9000AE5F25 /* InterviewProjectUITests.xctest */,
			);
			name = Products;
			sourceTree = "<group>";
		};
		43D4CE2622901F8E00AE5F25 /* InterviewProject */ = {
			isa = PBXGroup;
			children = (
				43D4CE8122915FA100AE5F25 /* Helpers */,
				43D4CE7A2290CB9C00AE5F25 /* Assembly */,
				43D4CE5C22902FAC00AE5F25 /* Model */,
				43D4CE5B22902FA600AE5F25 /* Entity */,
				43D4CE5822902F0300AE5F25 /* Repository */,
				43D4CE552290251F00AE5F25 /* API */,
				43D4CE792290CB8900AE5F25 /* SearchView */,
				43D4CE2722901F8E00AE5F25 /* AppDelegate.swift */,
				43D4CE2B22901F8E00AE5F25 /* Main.storyboard */,
				43D4CE2E22901F9000AE5F25 /* Assets.xcassets */,
				43D4CE3022901F9000AE5F25 /* LaunchScreen.storyboard */,
				43D4CE3322901F9000AE5F25 /* Info.plist */,
			);
			path = InterviewProject;
			sourceTree = "<group>";
		};
		43D4CE3B22901F9000AE5F25 /* InterviewProjectTests */ = {
			isa = PBXGroup;
			children = (
				43D4CE3C22901F9000AE5F25 /* InterviewProjectTests.swift */,
				43D4CE3E22901F9000AE5F25 /* Info.plist */,
			);
			path = InterviewProjectTests;
			sourceTree = "<group>";
		};
		43D4CE4622901F9000AE5F25 /* InterviewProjectUITests */ = {
			isa = PBXGroup;
			children = (
				43D4CE4722901F9000AE5F25 /* InterviewProjectUITests.swift */,
				43D4CE4922901F9000AE5F25 /* Info.plist */,
			);
			path = InterviewProjectUITests;
			sourceTree = "<group>";
		};
		43D4CE552290251F00AE5F25 /* API */ = {
			isa = PBXGroup;
			children = (
				43D4CE88229296FA00AE5F25 /* Result.swift */,
				43D4CE562290253600AE5F25 /* ApiClient.swift */,
				43D4CE8A22929D6C00AE5F25 /* ApiError.swift */,
			);
			path = API;
			sourceTree = "<group>";
		};
		43D4CE5822902F0300AE5F25 /* Repository */ = {
			isa = PBXGroup;
			children = (
				43D4CE5922902F1400AE5F25 /* PlacesDataRepository.swift */,
			);
			path = Repository;
			sourceTree = "<group>";
		};
		43D4CE5B22902FA600AE5F25 /* Entity */ = {
			isa = PBXGroup;
			children = (
				43D4CE5D22902FC500AE5F25 /* PlaceEntity.swift */,
				43D4CE632290418B00AE5F25 /* AreaEntity.swift */,
				43D4CE652290686C00AE5F25 /* CoordinatesEntity.swift */,
				43D4CE672290688300AE5F25 /* LifeSpanEntity.swift */,
				43D4CE6B2290A69A00AE5F25 /* PlacesResultEntity.swift */,
				43D4CE84229181D800AE5F25 /* ResultEntity.swift */,
			);
			path = Entity;
			sourceTree = "<group>";
		};
		43D4CE5C22902FAC00AE5F25 /* Model */ = {
			isa = PBXGroup;
			children = (
				43D4CE5F22902FF000AE5F25 /* Place.swift */,
				43D4CE69229068A700AE5F25 /* PlaceType.swift */,
				43D4CE6F2290A77800AE5F25 /* Area.swift */,
				43D4CE6D2290A76E00AE5F25 /* AreaType.swift */,
				43D4CE7D2290CEC300AE5F25 /* LifeSpan.swift */,
				43D4CE7F2290CF2D00AE5F25 /* Coordinates.swift */,
				43D4CE8C2292A41F00AE5F25 /* AppError.swift */,
			);
			path = Model;
			sourceTree = "<group>";
		};
		43D4CE792290CB8900AE5F25 /* SearchView */ = {
			isa = PBXGroup;
			children = (
				43D4CE2922901F8E00AE5F25 /* SearchViewController.swift */,
				43D4CE772290C00600AE5F25 /* SearchViewModel.swift */,
			);
			path = SearchView;
			sourceTree = "<group>";
		};
		43D4CE7A2290CB9C00AE5F25 /* Assembly */ = {
			isa = PBXGroup;
			children = (
				43D4CE7B2290CBC200AE5F25 /* BaseAssembly.swift */,
				43D4CE712290AA5300AE5F25 /* RepositoryAssembly.swift */,
				43D4CE752290BDF800AE5F25 /* ViewModelAssembly.swift */,
			);
			path = Assembly;
			sourceTree = "<group>";
		};
		43D4CE8122915FA100AE5F25 /* Helpers */ = {
			isa = PBXGroup;
			children = (
				43D4CE8222915FB200AE5F25 /* DispatchHelper.swift */,
			);
			path = Helpers;
			sourceTree = "<group>";
		};
/* End PBXGroup section */

/* Begin PBXNativeTarget section */
		43D4CE2322901F8E00AE5F25 /* InterviewProject */ = {
			isa = PBXNativeTarget;
			buildConfigurationList = 43D4CE4C22901F9000AE5F25 /* Build configuration list for PBXNativeTarget "InterviewProject" */;
			buildPhases = (
				43D4CE2022901F8E00AE5F25 /* Sources */,
				43D4CE2122901F8E00AE5F25 /* Frameworks */,
				43D4CE2222901F8E00AE5F25 /* Resources */,
			);
			buildRules = (
			);
			dependencies = (
			);
			name = InterviewProject;
			productName = InterviewProject;
			productReference = 43D4CE2422901F8E00AE5F25 /* InterviewProject.app */;
			productType = "com.apple.product-type.application";
		};
		43D4CE3722901F9000AE5F25 /* InterviewProjectTests */ = {
			isa = PBXNativeTarget;
			buildConfigurationList = 43D4CE4F22901F9000AE5F25 /* Build configuration list for PBXNativeTarget "InterviewProjectTests" */;
			buildPhases = (
				43D4CE3422901F9000AE5F25 /* Sources */,
				43D4CE3522901F9000AE5F25 /* Frameworks */,
				43D4CE3622901F9000AE5F25 /* Resources */,
			);
			buildRules = (
			);
			dependencies = (
				43D4CE3A22901F9000AE5F25 /* PBXTargetDependency */,
			);
			name = InterviewProjectTests;
			productName = InterviewProjectTests;
			productReference = 43D4CE3822901F9000AE5F25 /* InterviewProjectTests.xctest */;
			productType = "com.apple.product-type.bundle.unit-test";
		};
		43D4CE4222901F9000AE5F25 /* InterviewProjectUITests */ = {
			isa = PBXNativeTarget;
			buildConfigurationList = 43D4CE5222901F9000AE5F25 /* Build configuration list for PBXNativeTarget "InterviewProjectUITests" */;
			buildPhases = (
				43D4CE3F22901F9000AE5F25 /* Sources */,
				43D4CE4022901F9000AE5F25 /* Frameworks */,
				43D4CE4122901F9000AE5F25 /* Resources */,
			);
			buildRules = (
			);
			dependencies = (
				43D4CE4522901F9000AE5F25 /* PBXTargetDependency */,
			);
			name = InterviewProjectUITests;
			productName = InterviewProjectUITests;
			productReference = 43D4CE4322901F9000AE5F25 /* InterviewProjectUITests.xctest */;
			productType = "com.apple.product-type.bundle.ui-testing";
		};
/* End PBXNativeTarget section */

/* Begin PBXProject section */
		43D4CE1C22901F8E00AE5F25 /* Project object */ = {
			isa = PBXProject;
			attributes = {
				LastSwiftUpdateCheck = 1020;
				LastUpgradeCheck = 1020;
				ORGANIZATIONNAME = Interview;
				TargetAttributes = {
					43D4CE2322901F8E00AE5F25 = {
						CreatedOnToolsVersion = 10.2.1;
					};
					43D4CE3722901F9000AE5F25 = {
						CreatedOnToolsVersion = 10.2.1;
						TestTargetID = 43D4CE2322901F8E00AE5F25;
					};
					43D4CE4222901F9000AE5F25 = {
						CreatedOnToolsVersion = 10.2.1;
						TestTargetID = 43D4CE2322901F8E00AE5F25;
					};
				};
			};
			buildConfigurationList = 43D4CE1F22901F8E00AE5F25 /* Build configuration list for PBXProject "InterviewProject" */;
			compatibilityVersion = "Xcode 9.3";
			developmentRegion = en;
			hasScannedForEncodings = 0;
			knownRegions = (
				en,
				Base,
			);
			mainGroup = 43D4CE1B22901F8E00AE5F25;
			productRefGroup = 43D4CE2522901F8E00AE5F25 /* Products */;
			projectDirPath = "";
			projectRoot = "";
			targets = (
				43D4CE2322901F8E00AE5F25 /* InterviewProject */,
				43D4CE3722901F9000AE5F25 /* InterviewProjectTests */,
				43D4CE4222901F9000AE5F25 /* InterviewProjectUITests */,
			);
		};
/* End PBXProject section */

/* Begin PBXResourcesBuildPhase section */
		43D4CE2222901F8E00AE5F25 /* Resources */ = {
			isa = PBXResourcesBuildPhase;
			buildActionMask = 2147483647;
			files = (
				43D4CE3222901F9000AE5F25 /* LaunchScreen.storyboard in Resources */,
				43D4CE2F22901F9000AE5F25 /* Assets.xcassets in Resources */,
				43D4CE2D22901F8E00AE5F25 /* Main.storyboard in Resources */,
			);
			runOnlyForDeploymentPostprocessing = 0;
		};
		43D4CE3622901F9000AE5F25 /* Resources */ = {
			isa = PBXResourcesBuildPhase;
			buildActionMask = 2147483647;
			files = (
			);
			runOnlyForDeploymentPostprocessing = 0;
		};
		43D4CE4122901F9000AE5F25 /* Resources */ = {
			isa = PBXResourcesBuildPhase;
			buildActionMask = 2147483647;
			files = (
			);
			runOnlyForDeploymentPostprocessing = 0;
		};
/* End PBXResourcesBuildPhase section */

/* Begin PBXSourcesBuildPhase section */
		43D4CE2022901F8E00AE5F25 /* Sources */ = {
			isa = PBXSourcesBuildPhase;
			buildActionMask = 2147483647;
			files = (
				43D4CE2A22901F8E00AE5F25 /* SearchViewController.swift in Sources */,
				43D4CE722290AA5300AE5F25 /* RepositoryAssembly.swift in Sources */,
				43D4CE642290418B00AE5F25 /* AreaEntity.swift in Sources */,
				43D4CE5A22902F1400AE5F25 /* PlacesDataRepository.swift in Sources */,
				43D4CE85229181D800AE5F25 /* ResultEntity.swift in Sources */,
				43D4CE8B22929D6C00AE5F25 /* ApiError.swift in Sources */,
				43D4CE572290253600AE5F25 /* ApiClient.swift in Sources */,
				43D4CE6022902FF100AE5F25 /* Place.swift in Sources */,
				43D4CE6C2290A69A00AE5F25 /* PlacesResultEntity.swift in Sources */,
				43D4CE7C2290CBC200AE5F25 /* BaseAssembly.swift in Sources */,
				43D4CE2822901F8E00AE5F25 /* AppDelegate.swift in Sources */,
				43D4CE89229296FA00AE5F25 /* Result.swift in Sources */,
				43D4CE5E22902FC500AE5F25 /* PlaceEntity.swift in Sources */,
				43D4CE702290A77800AE5F25 /* Area.swift in Sources */,
				43D4CE8322915FB200AE5F25 /* DispatchHelper.swift in Sources */,
				43D4CE682290688300AE5F25 /* LifeSpanEntity.swift in Sources */,
				43D4CE6A229068A700AE5F25 /* PlaceType.swift in Sources */,
				43D4CE802290CF2D00AE5F25 /* Coordinates.swift in Sources */,
				43D4CE6E2290A76E00AE5F25 /* AreaType.swift in Sources */,
				43D4CE782290C00600AE5F25 /* SearchViewModel.swift in Sources */,
				43D4CE8D2292A41F00AE5F25 /* AppError.swift in Sources */,
				43D4CE7E2290CEC300AE5F25 /* LifeSpan.swift in Sources */,
				43D4CE762290BDF800AE5F25 /* ViewModelAssembly.swift in Sources */,
				43D4CE662290686C00AE5F25 /* CoordinatesEntity.swift in Sources */,
			);
			runOnlyForDeploymentPostprocessing = 0;
		};
		43D4CE3422901F9000AE5F25 /* Sources */ = {
			isa = PBXSourcesBuildPhase;
			buildActionMask = 2147483647;
			files = (
				43D4CE3D22901F9000AE5F25 /* InterviewProjectTests.swift in Sources */,
			);
			runOnlyForDeploymentPostprocessing = 0;
		};
		43D4CE3F22901F9000AE5F25 /* Sources */ = {
			isa = PBXSourcesBuildPhase;
			buildActionMask = 2147483647;
			files = (
				43D4CE4822901F9000AE5F25 /* InterviewProjectUITests.swift in Sources */,
			);
			runOnlyForDeploymentPostprocessing = 0;
		};
/* End PBXSourcesBuildPhase section */

/* Begin PBXTargetDependency section */
		43D4CE3A22901F9000AE5F25 /* PBXTargetDependency */ = {
			isa = PBXTargetDependency;
			target = 43D4CE2322901F8E00AE5F25 /* InterviewProject */;
			targetProxy = 43D4CE3922901F9000AE5F25 /* PBXContainerItemProxy */;
		};
		43D4CE4522901F9000AE5F25 /* PBXTargetDependency */ = {
			isa = PBXTargetDependency;
			target = 43D4CE2322901F8E00AE5F25 /* InterviewProject */;
			targetProxy = 43D4CE4422901F9000AE5F25 /* PBXContainerItemProxy */;
		};
/* End PBXTargetDependency section */

/* Begin PBXVariantGroup section */
		43D4CE2B22901F8E00AE5F25 /* Main.storyboard */ = {
			isa = PBXVariantGroup;
			children = (
				43D4CE2C22901F8E00AE5F25 /* Base */,
			);
			name = Main.storyboard;
			sourceTree = "<group>";
		};
		43D4CE3022901F9000AE5F25 /* LaunchScreen.storyboard */ = {
			isa = PBXVariantGroup;
			children = (
				43D4CE3122901F9000AE5F25 /* Base */,
			);
			name = LaunchScreen.storyboard;
			sourceTree = "<group>";
		};
/* End PBXVariantGroup section */

/* Begin XCBuildConfiguration section */
		43D4CE4A22901F9000AE5F25 /* Debug */ = {
			isa = XCBuildConfiguration;
			buildSettings = {
				ALWAYS_SEARCH_USER_PATHS = NO;
				CLANG_ANALYZER_NONNULL = YES;
				CLANG_ANALYZER_NUMBER_OBJECT_CONVERSION = YES_AGGRESSIVE;
				CLANG_CXX_LANGUAGE_STANDARD = "gnu++14";
				CLANG_CXX_LIBRARY = "libc++";
				CLANG_ENABLE_MODULES = YES;
				CLANG_ENABLE_OBJC_ARC = YES;
				CLANG_ENABLE_OBJC_WEAK = YES;
				CLANG_WARN_BLOCK_CAPTURE_AUTORELEASING = YES;
				CLANG_WARN_BOOL_CONVERSION = YES;
				CLANG_WARN_COMMA = YES;
				CLANG_WARN_CONSTANT_CONVERSION = YES;
				CLANG_WARN_DEPRECATED_OBJC_IMPLEMENTATIONS = YES;
				CLANG_WARN_DIRECT_OBJC_ISA_USAGE = YES_ERROR;
				CLANG_WARN_DOCUMENTATION_COMMENTS = YES;
				CLANG_WARN_EMPTY_BODY = YES;
				CLANG_WARN_ENUM_CONVERSION = YES;
				CLANG_WARN_INFINITE_RECURSION = YES;
				CLANG_WARN_INT_CONVERSION = YES;
				CLANG_WARN_NON_LITERAL_NULL_CONVERSION = YES;
				CLANG_WARN_OBJC_IMPLICIT_RETAIN_SELF = YES;
				CLANG_WARN_OBJC_LITERAL_CONVERSION = YES;
				CLANG_WARN_OBJC_ROOT_CLASS = YES_ERROR;
				CLANG_WARN_RANGE_LOOP_ANALYSIS = YES;
				CLANG_WARN_STRICT_PROTOTYPES = YES;
				CLANG_WARN_SUSPICIOUS_MOVE = YES;
				CLANG_WARN_UNGUARDED_AVAILABILITY = YES_AGGRESSIVE;
				CLANG_WARN_UNREACHABLE_CODE = YES;
				CLANG_WARN__DUPLICATE_METHOD_MATCH = YES;
				CODE_SIGN_IDENTITY = "iPhone Developer";
				COPY_PHASE_STRIP = NO;
				DEBUG_INFORMATION_FORMAT = dwarf;
				ENABLE_STRICT_OBJC_MSGSEND = YES;
				ENABLE_TESTABILITY = YES;
				GCC_C_LANGUAGE_STANDARD = gnu11;
				GCC_DYNAMIC_NO_PIC = NO;
				GCC_NO_COMMON_BLOCKS = YES;
				GCC_OPTIMIZATION_LEVEL = 0;
				GCC_PREPROCESSOR_DEFINITIONS = (
					"DEBUG=1",
					"$(inherited)",
				);
				GCC_WARN_64_TO_32_BIT_CONVERSION = YES;
				GCC_WARN_ABOUT_RETURN_TYPE = YES_ERROR;
				GCC_WARN_UNDECLARED_SELECTOR = YES;
				GCC_WARN_UNINITIALIZED_AUTOS = YES_AGGRESSIVE;
				GCC_WARN_UNUSED_FUNCTION = YES;
				GCC_WARN_UNUSED_VARIABLE = YES;
				IPHONEOS_DEPLOYMENT_TARGET = 12.2;
				MTL_ENABLE_DEBUG_INFO = INCLUDE_SOURCE;
				MTL_FAST_MATH = YES;
				ONLY_ACTIVE_ARCH = YES;
				SDKROOT = iphoneos;
				SWIFT_ACTIVE_COMPILATION_CONDITIONS = DEBUG;
				SWIFT_OPTIMIZATION_LEVEL = "-Onone";
			};
			name = Debug;
		};
		43D4CE4B22901F9000AE5F25 /* Release */ = {
			isa = XCBuildConfiguration;
			buildSettings = {
				ALWAYS_SEARCH_USER_PATHS = NO;
				CLANG_ANALYZER_NONNULL = YES;
				CLANG_ANALYZER_NUMBER_OBJECT_CONVERSION = YES_AGGRESSIVE;
				CLANG_CXX_LANGUAGE_STANDARD = "gnu++14";
				CLANG_CXX_LIBRARY = "libc++";
				CLANG_ENABLE_MODULES = YES;
				CLANG_ENABLE_OBJC_ARC = YES;
				CLANG_ENABLE_OBJC_WEAK = YES;
				CLANG_WARN_BLOCK_CAPTURE_AUTORELEASING = YES;
				CLANG_WARN_BOOL_CONVERSION = YES;
				CLANG_WARN_COMMA = YES;
				CLANG_WARN_CONSTANT_CONVERSION = YES;
				CLANG_WARN_DEPRECATED_OBJC_IMPLEMENTATIONS = YES;
				CLANG_WARN_DIRECT_OBJC_ISA_USAGE = YES_ERROR;
				CLANG_WARN_DOCUMENTATION_COMMENTS = YES;
				CLANG_WARN_EMPTY_BODY = YES;
				CLANG_WARN_ENUM_CONVERSION = YES;
				CLANG_WARN_INFINITE_RECURSION = YES;
				CLANG_WARN_INT_CONVERSION = YES;
				CLANG_WARN_NON_LITERAL_NULL_CONVERSION = YES;
				CLANG_WARN_OBJC_IMPLICIT_RETAIN_SELF = YES;
				CLANG_WARN_OBJC_LITERAL_CONVERSION = YES;
				CLANG_WARN_OBJC_ROOT_CLASS = YES_ERROR;
				CLANG_WARN_RANGE_LOOP_ANALYSIS = YES;
				CLANG_WARN_STRICT_PROTOTYPES = YES;
				CLANG_WARN_SUSPICIOUS_MOVE = YES;
				CLANG_WARN_UNGUARDED_AVAILABILITY = YES_AGGRESSIVE;
				CLANG_WARN_UNREACHABLE_CODE = YES;
				CLANG_WARN__DUPLICATE_METHOD_MATCH = YES;
				CODE_SIGN_IDENTITY = "iPhone Developer";
				COPY_PHASE_STRIP = NO;
				DEBUG_INFORMATION_FORMAT = "dwarf-with-dsym";
				ENABLE_NS_ASSERTIONS = NO;
				ENABLE_STRICT_OBJC_MSGSEND = YES;
				GCC_C_LANGUAGE_STANDARD = gnu11;
				GCC_NO_COMMON_BLOCKS = YES;
				GCC_WARN_64_TO_32_BIT_CONVERSION = YES;
				GCC_WARN_ABOUT_RETURN_TYPE = YES_ERROR;
				GCC_WARN_UNDECLARED_SELECTOR = YES;
				GCC_WARN_UNINITIALIZED_AUTOS = YES_AGGRESSIVE;
				GCC_WARN_UNUSED_FUNCTION = YES;
				GCC_WARN_UNUSED_VARIABLE = YES;
				IPHONEOS_DEPLOYMENT_TARGET = 12.2;
				MTL_ENABLE_DEBUG_INFO = NO;
				MTL_FAST_MATH = YES;
				SDKROOT = iphoneos;
				SWIFT_COMPILATION_MODE = wholemodule;
				SWIFT_OPTIMIZATION_LEVEL = "-O";
				VALIDATE_PRODUCT = YES;
			};
			name = Release;
		};
		43D4CE4D22901F9000AE5F25 /* Debug */ = {
			isa = XCBuildConfiguration;
			buildSettings = {
				ASSETCATALOG_COMPILER_APPICON_NAME = AppIcon;
				CODE_SIGN_STYLE = Automatic;
				DEVELOPMENT_TEAM = GB8AAF5L8W;
				INFOPLIST_FILE = InterviewProject/Info.plist;
				IPHONEOS_DEPLOYMENT_TARGET = 10.3;
				LD_RUNPATH_SEARCH_PATHS = (
					"$(inherited)",
					"@executable_path/Frameworks",
				);
				PRODUCT_BUNDLE_IDENTIFIER = IP.InterviewProject;
				PRODUCT_NAME = "$(TARGET_NAME)";
				SWIFT_VERSION = 5.0;
				TARGETED_DEVICE_FAMILY = "1,2";
			};
			name = Debug;
		};
		43D4CE4E22901F9000AE5F25 /* Release */ = {
			isa = XCBuildConfiguration;
			buildSettings = {
				ASSETCATALOG_COMPILER_APPICON_NAME = AppIcon;
				CODE_SIGN_STYLE = Automatic;
				DEVELOPMENT_TEAM = GB8AAF5L8W;
				INFOPLIST_FILE = InterviewProject/Info.plist;
				IPHONEOS_DEPLOYMENT_TARGET = 10.3;
				LD_RUNPATH_SEARCH_PATHS = (
					"$(inherited)",
					"@executable_path/Frameworks",
				);
				PRODUCT_BUNDLE_IDENTIFIER = IP.InterviewProject;
				PRODUCT_NAME = "$(TARGET_NAME)";
				SWIFT_VERSION = 5.0;
				TARGETED_DEVICE_FAMILY = "1,2";
			};
			name = Release;
		};
		43D4CE5022901F9000AE5F25 /* Debug */ = {
			isa = XCBuildConfiguration;
			buildSettings = {
				ALWAYS_EMBED_SWIFT_STANDARD_LIBRARIES = YES;
				BUNDLE_LOADER = "$(TEST_HOST)";
				CODE_SIGN_STYLE = Automatic;
				INFOPLIST_FILE = InterviewProjectTests/Info.plist;
				LD_RUNPATH_SEARCH_PATHS = (
					"$(inherited)",
					"@executable_path/Frameworks",
					"@loader_path/Frameworks",
				);
				PRODUCT_BUNDLE_IDENTIFIER = IP.InterviewProjectTests;
				PRODUCT_NAME = "$(TARGET_NAME)";
				SWIFT_VERSION = 5.0;
				TARGETED_DEVICE_FAMILY = "1,2";
				TEST_HOST = "$(BUILT_PRODUCTS_DIR)/InterviewProject.app/InterviewProject";
			};
			name = Debug;
		};
		43D4CE5122901F9000AE5F25 /* Release */ = {
			isa = XCBuildConfiguration;
			buildSettings = {
				ALWAYS_EMBED_SWIFT_STANDARD_LIBRARIES = YES;
				BUNDLE_LOADER = "$(TEST_HOST)";
				CODE_SIGN_STYLE = Automatic;
				INFOPLIST_FILE = InterviewProjectTests/Info.plist;
				LD_RUNPATH_SEARCH_PATHS = (
					"$(inherited)",
					"@executable_path/Frameworks",
					"@loader_path/Frameworks",
				);
				PRODUCT_BUNDLE_IDENTIFIER = IP.InterviewProjectTests;
				PRODUCT_NAME = "$(TARGET_NAME)";
				SWIFT_VERSION = 5.0;
				TARGETED_DEVICE_FAMILY = "1,2";
				TEST_HOST = "$(BUILT_PRODUCTS_DIR)/InterviewProject.app/InterviewProject";
			};
			name = Release;
		};
		43D4CE5322901F9000AE5F25 /* Debug */ = {
			isa = XCBuildConfiguration;
			buildSettings = {
				ALWAYS_EMBED_SWIFT_STANDARD_LIBRARIES = YES;
				CODE_SIGN_STYLE = Automatic;
				INFOPLIST_FILE = InterviewProjectUITests/Info.plist;
				LD_RUNPATH_SEARCH_PATHS = (
					"$(inherited)",
					"@executable_path/Frameworks",
					"@loader_path/Frameworks",
				);
				PRODUCT_BUNDLE_IDENTIFIER = IP.InterviewProjectUITests;
				PRODUCT_NAME = "$(TARGET_NAME)";
				SWIFT_VERSION = 5.0;
				TARGETED_DEVICE_FAMILY = "1,2";
				TEST_TARGET_NAME = InterviewProject;
			};
			name = Debug;
		};
		43D4CE5422901F9000AE5F25 /* Release */ = {
			isa = XCBuildConfiguration;
			buildSettings = {
				ALWAYS_EMBED_SWIFT_STANDARD_LIBRARIES = YES;
				CODE_SIGN_STYLE = Automatic;
				INFOPLIST_FILE = InterviewProjectUITests/Info.plist;
				LD_RUNPATH_SEARCH_PATHS = (
					"$(inherited)",
					"@executable_path/Frameworks",
					"@loader_path/Frameworks",
				);
				PRODUCT_BUNDLE_IDENTIFIER = IP.InterviewProjectUITests;
				PRODUCT_NAME = "$(TARGET_NAME)";
				SWIFT_VERSION = 5.0;
				TARGETED_DEVICE_FAMILY = "1,2";
				TEST_TARGET_NAME = InterviewProject;
			};
			name = Release;
		};
/* End XCBuildConfiguration section */

/* Begin XCConfigurationList section */
		43D4CE1F22901F8E00AE5F25 /* Build configuration list for PBXProject "InterviewProject" */ = {
			isa = XCConfigurationList;
			buildConfigurations = (
				43D4CE4A22901F9000AE5F25 /* Debug */,
				43D4CE4B22901F9000AE5F25 /* Release */,
			);
			defaultConfigurationIsVisible = 0;
			defaultConfigurationName = Release;
		};
		43D4CE4C22901F9000AE5F25 /* Build configuration list for PBXNativeTarget "InterviewProject" */ = {
			isa = XCConfigurationList;
			buildConfigurations = (
				43D4CE4D22901F9000AE5F25 /* Debug */,
				43D4CE4E22901F9000AE5F25 /* Release */,
			);
			defaultConfigurationIsVisible = 0;
			defaultConfigurationName = Release;
		};
		43D4CE4F22901F9000AE5F25 /* Build configuration list for PBXNativeTarget "InterviewProjectTests" */ = {
			isa = XCConfigurationList;
			buildConfigurations = (
				43D4CE5022901F9000AE5F25 /* Debug */,
				43D4CE5122901F9000AE5F25 /* Release */,
			);
			defaultConfigurationIsVisible = 0;
			defaultConfigurationName = Release;
		};
		43D4CE5222901F9000AE5F25 /* Build configuration list for PBXNativeTarget "InterviewProjectUITests" */ = {
			isa = XCConfigurationList;
			buildConfigurations = (
				43D4CE5322901F9000AE5F25 /* Debug */,
				43D4CE5422901F9000AE5F25 /* Release */,
			);
			defaultConfigurationIsVisible = 0;
			defaultConfigurationName = Release;
		};
/* End XCConfigurationList section */
	};
	rootObject = 43D4CE1C22901F8E00AE5F25 /* Project object */;
}
